version = 1
requires-python = "==3.12.7"

[[package]]
name = "annotated-types"
version = "0.7.0"
source = { registry = "https://pypi.org/simple" }
sdist = { url = "https://files.pythonhosted.org/packages/ee/67/531ea369ba64dcff5ec9c3402f9f51bf748cec26dde048a2f973a4eea7f5/annotated_types-0.7.0.tar.gz", hash = "sha256:aff07c09a53a08bc8cfccb9c85b05f1aa9a2a6f23728d790723543408344ce89", size = 16081 }
wheels = [
    { url = "https://files.pythonhosted.org/packages/78/b6/6307fbef88d9b5ee7421e68d78a9f162e0da4900bc5f5793f6d3d0e34fb8/annotated_types-0.7.0-py3-none-any.whl", hash = "sha256:1f02e8b43a8fbbc3f3e0d4f0f4bfc8131bcb4eebe8849b8e5c773f3a1c582a53", size = 13643 },
]

[[package]]
name = "anyio"
version = "4.4.0"
source = { registry = "https://pypi.org/simple" }
dependencies = [
    { name = "idna" },
    { name = "sniffio" },
]
sdist = { url = "https://files.pythonhosted.org/packages/e6/e3/c4c8d473d6780ef1853d630d581f70d655b4f8d7553c6997958c283039a2/anyio-4.4.0.tar.gz", hash = "sha256:5aadc6a1bbb7cdb0bede386cac5e2940f5e2ff3aa20277e991cf028e0585ce94", size = 163930 }
wheels = [
    { url = "https://files.pythonhosted.org/packages/7b/a2/10639a79341f6c019dedc95bd48a4928eed9f1d1197f4c04f546fc7ae0ff/anyio-4.4.0-py3-none-any.whl", hash = "sha256:c1b2d8f46a8a812513012e1107cb0e68c17159a7a594208005a57dc776e1bdc7", size = 86780 },
]

[[package]]
name = "certifi"
version = "2024.8.30"
source = { registry = "https://pypi.org/simple" }
sdist = { url = "https://files.pythonhosted.org/packages/b0/ee/9b19140fe824b367c04c5e1b369942dd754c4c5462d5674002f75c4dedc1/certifi-2024.8.30.tar.gz", hash = "sha256:bec941d2aa8195e248a60b31ff9f0558284cf01a52591ceda73ea9afffd69fd9", size = 168507 }
wheels = [
    { url = "https://files.pythonhosted.org/packages/12/90/3c9ff0512038035f59d279fddeb79f5f1eccd8859f06d6163c58798b9487/certifi-2024.8.30-py3-none-any.whl", hash = "sha256:922820b53db7a7257ffbda3f597266d435245903d80737e34f8a45ff3e3230d8", size = 167321 },
]

[[package]]
name = "cfgv"
version = "3.4.0"
source = { registry = "https://pypi.org/simple" }
sdist = { url = "https://files.pythonhosted.org/packages/11/74/539e56497d9bd1d484fd863dd69cbbfa653cd2aa27abfe35653494d85e94/cfgv-3.4.0.tar.gz", hash = "sha256:e52591d4c5f5dead8e0f673fb16db7949d2cfb3f7da4582893288f0ded8fe560", size = 7114 }
wheels = [
    { url = "https://files.pythonhosted.org/packages/c5/55/51844dd50c4fc7a33b653bfaba4c2456f06955289ca770a5dbd5fd267374/cfgv-3.4.0-py2.py3-none-any.whl", hash = "sha256:b7265b1f29fd3316bfcd2b330d63d024f2bfd8bcb8b0272f8e19a504856c48f9", size = 7249 },
]

[[package]]
name = "click"
version = "8.1.7"
source = { registry = "https://pypi.org/simple" }
dependencies = [
    { name = "colorama", marker = "platform_system == 'Windows'" },
]
sdist = { url = "https://files.pythonhosted.org/packages/96/d3/f04c7bfcf5c1862a2a5b845c6b2b360488cf47af55dfa79c98f6a6bf98b5/click-8.1.7.tar.gz", hash = "sha256:ca9853ad459e787e2192211578cc907e7594e294c7ccc834310722b41b9ca6de", size = 336121 }
wheels = [
    { url = "https://files.pythonhosted.org/packages/00/2e/d53fa4befbf2cfa713304affc7ca780ce4fc1fd8710527771b58311a3229/click-8.1.7-py3-none-any.whl", hash = "sha256:ae74fb96c20a0277a1d615f1e4d73c8414f5a98db8b799a7931d1582f3390c28", size = 97941 },
]

[[package]]
name = "colorama"
version = "0.4.6"
source = { registry = "https://pypi.org/simple" }
sdist = { url = "https://files.pythonhosted.org/packages/d8/53/6f443c9a4a8358a93a6792e2acffb9d9d5cb0a5cfd8802644b7b1c9a02e4/colorama-0.4.6.tar.gz", hash = "sha256:08695f5cb7ed6e0531a20572697297273c47b8cae5a63ffc6d6ed5c201be6e44", size = 27697 }
wheels = [
    { url = "https://files.pythonhosted.org/packages/d1/d6/3965ed04c63042e047cb6a3e6ed1a63a35087b6a609aa3a15ed8ac56c221/colorama-0.4.6-py2.py3-none-any.whl", hash = "sha256:4f1d9991f5acc0ca119f9d443620b77f9d6b33703e51011c16baf57afb285fc6", size = 25335 },
]

[[package]]
name = "coverage"
version = "7.6.4"
source = { registry = "https://pypi.org/simple" }
sdist = { url = "https://files.pythonhosted.org/packages/52/12/3669b6382792783e92046730ad3327f53b2726f0603f4c311c4da4824222/coverage-7.6.4.tar.gz", hash = "sha256:29fc0f17b1d3fea332f8001d4558f8214af7f1d87a345f3a133c901d60347c73", size = 798716 }
wheels = [
    { url = "https://files.pythonhosted.org/packages/7d/e7/9291de916d084f41adddfd4b82246e68d61d6a75747f075f7e64628998d2/coverage-7.6.4-cp312-cp312-macosx_10_13_x86_64.whl", hash = "sha256:12394842a3a8affa3ba62b0d4ab7e9e210c5e366fbac3e8b2a68636fb19892c2", size = 207013 },
    { url = "https://files.pythonhosted.org/packages/27/03/932c2c5717a7fa80cd43c6a07d3177076d97b79f12f40f882f9916db0063/coverage-7.6.4-cp312-cp312-macosx_11_0_arm64.whl", hash = "sha256:2b6b4c83d8e8ea79f27ab80778c19bc037759aea298da4b56621f4474ffeb117", size = 207251 },
    { url = "https://files.pythonhosted.org/packages/d5/3f/0af47dcb9327f65a45455fbca846fe96eb57c153af46c4754a3ba678938a/coverage-7.6.4-cp312-cp312-manylinux_2_17_aarch64.manylinux2014_aarch64.whl", hash = "sha256:1d5b8007f81b88696d06f7df0cb9af0d3b835fe0c8dbf489bad70b45f0e45613", size = 240268 },
    { url = "https://files.pythonhosted.org/packages/8a/3c/37a9d81bbd4b23bc7d46ca820e16174c613579c66342faa390a271d2e18b/coverage-7.6.4-cp312-cp312-manylinux_2_5_i686.manylinux1_i686.manylinux_2_17_i686.manylinux2014_i686.whl", hash = "sha256:b57b768feb866f44eeed9f46975f3d6406380275c5ddfe22f531a2bf187eda27", size = 237298 },
    { url = "https://files.pythonhosted.org/packages/c0/70/6b0627e5bd68204ee580126ed3513140b2298995c1233bd67404b4e44d0e/coverage-7.6.4-cp312-cp312-manylinux_2_5_x86_64.manylinux1_x86_64.manylinux_2_17_x86_64.manylinux2014_x86_64.whl", hash = "sha256:5915fcdec0e54ee229926868e9b08586376cae1f5faa9bbaf8faf3561b393d52", size = 239367 },
    { url = "https://files.pythonhosted.org/packages/3c/eb/634d7dfab24ac3b790bebaf9da0f4a5352cbc125ce6a9d5c6cf4c6cae3c7/coverage-7.6.4-cp312-cp312-musllinux_1_2_aarch64.whl", hash = "sha256:0b58c672d14f16ed92a48db984612f5ce3836ae7d72cdd161001cc54512571f2", size = 238853 },
    { url = "https://files.pythonhosted.org/packages/d9/0d/8e3ed00f1266ef7472a4e33458f42e39492e01a64281084fb3043553d3f1/coverage-7.6.4-cp312-cp312-musllinux_1_2_i686.whl", hash = "sha256:2fdef0d83a2d08d69b1f2210a93c416d54e14d9eb398f6ab2f0a209433db19e1", size = 237160 },
    { url = "https://files.pythonhosted.org/packages/ce/9c/4337f468ef0ab7a2e0887a9c9da0e58e2eada6fc6cbee637a4acd5dfd8a9/coverage-7.6.4-cp312-cp312-musllinux_1_2_x86_64.whl", hash = "sha256:8cf717ee42012be8c0cb205dbbf18ffa9003c4cbf4ad078db47b95e10748eec5", size = 238824 },
    { url = "https://files.pythonhosted.org/packages/5e/09/3e94912b8dd37251377bb02727a33a67ee96b84bbbe092f132b401ca5dd9/coverage-7.6.4-cp312-cp312-win32.whl", hash = "sha256:7bb92c539a624cf86296dd0c68cd5cc286c9eef2d0c3b8b192b604ce9de20a17", size = 209639 },
    { url = "https://files.pythonhosted.org/packages/01/69/d4f3a4101171f32bc5b3caec8ff94c2c60f700107a6aaef7244b2c166793/coverage-7.6.4-cp312-cp312-win_amd64.whl", hash = "sha256:1032e178b76a4e2b5b32e19d0fd0abbce4b58e77a1ca695820d10e491fa32b08", size = 210428 },
]

[[package]]
name = "distlib"
version = "0.3.9"
source = { registry = "https://pypi.org/simple" }
sdist = { url = "https://files.pythonhosted.org/packages/0d/dd/1bec4c5ddb504ca60fc29472f3d27e8d4da1257a854e1d96742f15c1d02d/distlib-0.3.9.tar.gz", hash = "sha256:a60f20dea646b8a33f3e7772f74dc0b2d0772d2837ee1342a00645c81edf9403", size = 613923 }
wheels = [
    { url = "https://files.pythonhosted.org/packages/91/a1/cf2472db20f7ce4a6be1253a81cfdf85ad9c7885ffbed7047fb72c24cf87/distlib-0.3.9-py2.py3-none-any.whl", hash = "sha256:47f8c22fd27c27e25a65601af709b38e4f0a45ea4fc2e710f65755fa8caaaf87", size = 468973 },
]

[[package]]
name = "fastapi"
version = "0.115.3"
source = { registry = "https://pypi.org/simple" }
dependencies = [
    { name = "pydantic" },
    { name = "starlette" },
    { name = "typing-extensions" },
]
sdist = { url = "https://files.pythonhosted.org/packages/a9/ce/b64ce344d7b13c0768dc5b131a69d52f57202eb85839408a7637ca0dd7e2/fastapi-0.115.3.tar.gz", hash = "sha256:c091c6a35599c036d676fa24bd4a6e19fa30058d93d950216cdc672881f6f7db", size = 300453 }
wheels = [
    { url = "https://files.pythonhosted.org/packages/57/95/4c5b79e7ca1f7b372d16a32cad7c9cc6c3c899200bed8f45739f4415cfae/fastapi-0.115.3-py3-none-any.whl", hash = "sha256:8035e8f9a2b0aa89cea03b6c77721178ed5358e1aea4cd8570d9466895c0638c", size = 94647 },
]

[[package]]
name = "filelock"
version = "3.16.1"
source = { registry = "https://pypi.org/simple" }
sdist = { url = "https://files.pythonhosted.org/packages/9d/db/3ef5bb276dae18d6ec2124224403d1d67bccdbefc17af4cc8f553e341ab1/filelock-3.16.1.tar.gz", hash = "sha256:c249fbfcd5db47e5e2d6d62198e565475ee65e4831e2561c8e313fa7eb961435", size = 18037 }
wheels = [
    { url = "https://files.pythonhosted.org/packages/b9/f8/feced7779d755758a52d1f6635d990b8d98dc0a29fa568bbe0625f18fdf3/filelock-3.16.1-py3-none-any.whl", hash = "sha256:2082e5703d51fbf98ea75855d9d5527e33d8ff23099bec374a134febee6946b0", size = 16163 },
]

[[package]]
name = "greenlet"
version = "3.1.1"
source = { registry = "https://pypi.org/simple" }
sdist = { url = "https://files.pythonhosted.org/packages/2f/ff/df5fede753cc10f6a5be0931204ea30c35fa2f2ea7a35b25bdaf4fe40e46/greenlet-3.1.1.tar.gz", hash = "sha256:4ce3ac6cdb6adf7946475d7ef31777c26d94bccc377e070a7986bd2d5c515467", size = 186022 }
wheels = [
    { url = "https://files.pythonhosted.org/packages/7d/ec/bad1ac26764d26aa1353216fcbfa4670050f66d445448aafa227f8b16e80/greenlet-3.1.1-cp312-cp312-macosx_11_0_universal2.whl", hash = "sha256:4afe7ea89de619adc868e087b4d2359282058479d7cfb94970adf4b55284574d", size = 274260 },
    { url = "https://files.pythonhosted.org/packages/66/d4/c8c04958870f482459ab5956c2942c4ec35cac7fe245527f1039837c17a9/greenlet-3.1.1-cp312-cp312-manylinux_2_17_aarch64.manylinux2014_aarch64.whl", hash = "sha256:f406b22b7c9a9b4f8aa9d2ab13d6ae0ac3e85c9a809bd590ad53fed2bf70dc79", size = 649064 },
    { url = "https://files.pythonhosted.org/packages/51/41/467b12a8c7c1303d20abcca145db2be4e6cd50a951fa30af48b6ec607581/greenlet-3.1.1-cp312-cp312-manylinux_2_17_ppc64le.manylinux2014_ppc64le.whl", hash = "sha256:c3a701fe5a9695b238503ce5bbe8218e03c3bcccf7e204e455e7462d770268aa", size = 663420 },
    { url = "https://files.pythonhosted.org/packages/27/8f/2a93cd9b1e7107d5c7b3b7816eeadcac2ebcaf6d6513df9abaf0334777f6/greenlet-3.1.1-cp312-cp312-manylinux_2_17_s390x.manylinux2014_s390x.whl", hash = "sha256:2846930c65b47d70b9d178e89c7e1a69c95c1f68ea5aa0a58646b7a96df12441", size = 658035 },
    { url = "https://files.pythonhosted.org/packages/57/5c/7c6f50cb12be092e1dccb2599be5a942c3416dbcfb76efcf54b3f8be4d8d/greenlet-3.1.1-cp312-cp312-manylinux_2_17_x86_64.manylinux2014_x86_64.whl", hash = "sha256:99cfaa2110534e2cf3ba31a7abcac9d328d1d9f1b95beede58294a60348fba36", size = 660105 },
    { url = "https://files.pythonhosted.org/packages/f1/66/033e58a50fd9ec9df00a8671c74f1f3a320564c6415a4ed82a1c651654ba/greenlet-3.1.1-cp312-cp312-manylinux_2_24_x86_64.manylinux_2_28_x86_64.whl", hash = "sha256:1443279c19fca463fc33e65ef2a935a5b09bb90f978beab37729e1c3c6c25fe9", size = 613077 },
    { url = "https://files.pythonhosted.org/packages/19/c5/36384a06f748044d06bdd8776e231fadf92fc896bd12cb1c9f5a1bda9578/greenlet-3.1.1-cp312-cp312-musllinux_1_1_aarch64.whl", hash = "sha256:b7cede291382a78f7bb5f04a529cb18e068dd29e0fb27376074b6d0317bf4dd0", size = 1135975 },
    { url = "https://files.pythonhosted.org/packages/38/f9/c0a0eb61bdf808d23266ecf1d63309f0e1471f284300ce6dac0ae1231881/greenlet-3.1.1-cp312-cp312-musllinux_1_1_x86_64.whl", hash = "sha256:23f20bb60ae298d7d8656c6ec6db134bca379ecefadb0b19ce6f19d1f232a942", size = 1163955 },
    { url = "https://files.pythonhosted.org/packages/43/21/a5d9df1d21514883333fc86584c07c2b49ba7c602e670b174bd73cfc9c7f/greenlet-3.1.1-cp312-cp312-win_amd64.whl", hash = "sha256:7124e16b4c55d417577c2077be379514321916d5790fa287c9ed6f23bd2ffd01", size = 299655 },
]

[[package]]
name = "h11"
version = "0.14.0"
source = { registry = "https://pypi.org/simple" }
sdist = { url = "https://files.pythonhosted.org/packages/f5/38/3af3d3633a34a3316095b39c8e8fb4853a28a536e55d347bd8d8e9a14b03/h11-0.14.0.tar.gz", hash = "sha256:8f19fbbe99e72420ff35c00b27a34cb9937e902a8b810e2c88300c6f0a3b699d", size = 100418 }
wheels = [
    { url = "https://files.pythonhosted.org/packages/95/04/ff642e65ad6b90db43e668d70ffb6736436c7ce41fcc549f4e9472234127/h11-0.14.0-py3-none-any.whl", hash = "sha256:e3fe4ac4b851c468cc8363d500db52c2ead036020723024a109d37346efaa761", size = 58259 },
]

[[package]]
name = "httpcore"
version = "1.0.6"
source = { registry = "https://pypi.org/simple" }
dependencies = [
    { name = "certifi" },
    { name = "h11" },
]
sdist = { url = "https://files.pythonhosted.org/packages/b6/44/ed0fa6a17845fb033bd885c03e842f08c1b9406c86a2e60ac1ae1b9206a6/httpcore-1.0.6.tar.gz", hash = "sha256:73f6dbd6eb8c21bbf7ef8efad555481853f5f6acdeaff1edb0694289269ee17f", size = 85180 }
wheels = [
    { url = "https://files.pythonhosted.org/packages/06/89/b161908e2f51be56568184aeb4a880fd287178d176fd1c860d2217f41106/httpcore-1.0.6-py3-none-any.whl", hash = "sha256:27b59625743b85577a8c0e10e55b50b5368a4f2cfe8cc7bcfa9cf00829c2682f", size = 78011 },
]

[[package]]
name = "httpx"
version = "0.27.2"
source = { registry = "https://pypi.org/simple" }
dependencies = [
    { name = "anyio" },
    { name = "certifi" },
    { name = "httpcore" },
    { name = "idna" },
    { name = "sniffio" },
]
sdist = { url = "https://files.pythonhosted.org/packages/78/82/08f8c936781f67d9e6b9eeb8a0c8b4e406136ea4c3d1f89a5db71d42e0e6/httpx-0.27.2.tar.gz", hash = "sha256:f7c2be1d2f3c3c3160d441802406b206c2b76f5947b11115e6df10c6c65e66c2", size = 144189 }
wheels = [
    { url = "https://files.pythonhosted.org/packages/56/95/9377bcb415797e44274b51d46e3249eba641711cf3348050f76ee7b15ffc/httpx-0.27.2-py3-none-any.whl", hash = "sha256:7bb2708e112d8fdd7829cd4243970f0c223274051cb35ee80c03301ee29a3df0", size = 76395 },
]

[[package]]
name = "identify"
version = "2.6.1"
source = { registry = "https://pypi.org/simple" }
sdist = { url = "https://files.pythonhosted.org/packages/29/bb/25024dbcc93516c492b75919e76f389bac754a3e4248682fba32b250c880/identify-2.6.1.tar.gz", hash = "sha256:91478c5fb7c3aac5ff7bf9b4344f803843dc586832d5f110d672b19aa1984c98", size = 99097 }
wheels = [
    { url = "https://files.pythonhosted.org/packages/7d/0c/4ef72754c050979fdcc06c744715ae70ea37e734816bb6514f79df77a42f/identify-2.6.1-py2.py3-none-any.whl", hash = "sha256:53863bcac7caf8d2ed85bd20312ea5dcfc22226800f6d6881f232d861db5a8f0", size = 98972 },
]

[[package]]
name = "idna"
version = "3.8"
source = { registry = "https://pypi.org/simple" }
sdist = { url = "https://files.pythonhosted.org/packages/e8/ac/e349c5e6d4543326c6883ee9491e3921e0d07b55fdf3cce184b40d63e72a/idna-3.8.tar.gz", hash = "sha256:d838c2c0ed6fced7693d5e8ab8e734d5f8fda53a039c0164afb0b82e771e3603", size = 189467 }
wheels = [
    { url = "https://files.pythonhosted.org/packages/22/7e/d71db821f177828df9dea8c42ac46473366f191be53080e552e628aad991/idna-3.8-py3-none-any.whl", hash = "sha256:050b4e5baadcd44d760cedbd2b8e639f2ff89bbc7a5730fcc662954303377aac", size = 66894 },
]

[[package]]
name = "iniconfig"
version = "2.0.0"
source = { registry = "https://pypi.org/simple" }
sdist = { url = "https://files.pythonhosted.org/packages/d7/4b/cbd8e699e64a6f16ca3a8220661b5f83792b3017d0f79807cb8708d33913/iniconfig-2.0.0.tar.gz", hash = "sha256:2d91e135bf72d31a410b17c16da610a82cb55f6b0477d1a902134b24a455b8b3", size = 4646 }
wheels = [
    { url = "https://files.pythonhosted.org/packages/ef/a6/62565a6e1cf69e10f5727360368e451d4b7f58beeac6173dc9db836a5b46/iniconfig-2.0.0-py3-none-any.whl", hash = "sha256:b6a85871a79d2e3b22d2d1b94ac2824226a63c6b741c88f7ae975f18b6778374", size = 5892 },
]

[[package]]
name = "mypy"
version = "1.13.0"
source = { registry = "https://pypi.org/simple" }
dependencies = [
    { name = "mypy-extensions" },
    { name = "typing-extensions" },
]
sdist = { url = "https://files.pythonhosted.org/packages/e8/21/7e9e523537991d145ab8a0a2fd98548d67646dc2aaaf6091c31ad883e7c1/mypy-1.13.0.tar.gz", hash = "sha256:0291a61b6fbf3e6673e3405cfcc0e7650bebc7939659fdca2702958038bd835e", size = 3152532 }
wheels = [
    { url = "https://files.pythonhosted.org/packages/fb/31/c526a7bd2e5c710ae47717c7a5f53f616db6d9097caf48ad650581e81748/mypy-1.13.0-cp312-cp312-macosx_10_13_x86_64.whl", hash = "sha256:5c7051a3461ae84dfb5dd15eff5094640c61c5f22257c8b766794e6dd85e72d5", size = 11077900 },
    { url = "https://files.pythonhosted.org/packages/83/67/b7419c6b503679d10bd26fc67529bc6a1f7a5f220bbb9f292dc10d33352f/mypy-1.13.0-cp312-cp312-macosx_11_0_arm64.whl", hash = "sha256:39bb21c69a5d6342f4ce526e4584bc5c197fd20a60d14a8624d8743fffb9472e", size = 10074818 },
    { url = "https://files.pythonhosted.org/packages/ba/07/37d67048786ae84e6612575e173d713c9a05d0ae495dde1e68d972207d98/mypy-1.13.0-cp312-cp312-manylinux_2_17_x86_64.manylinux2014_x86_64.manylinux_2_28_x86_64.whl", hash = "sha256:164f28cb9d6367439031f4c81e84d3ccaa1e19232d9d05d37cb0bd880d3f93c2", size = 12589275 },
    { url = "https://files.pythonhosted.org/packages/1f/17/b1018c6bb3e9f1ce3956722b3bf91bff86c1cefccca71cec05eae49d6d41/mypy-1.13.0-cp312-cp312-musllinux_1_1_x86_64.whl", hash = "sha256:a4c1bfcdbce96ff5d96fc9b08e3831acb30dc44ab02671eca5953eadad07d6d0", size = 13037783 },
    { url = "https://files.pythonhosted.org/packages/cb/32/cd540755579e54a88099aee0287086d996f5a24281a673f78a0e14dba150/mypy-1.13.0-cp312-cp312-win_amd64.whl", hash = "sha256:a0affb3a79a256b4183ba09811e3577c5163ed06685e4d4b46429a271ba174d2", size = 9726197 },
    { url = "https://files.pythonhosted.org/packages/3b/86/72ce7f57431d87a7ff17d442f521146a6585019eb8f4f31b7c02801f78ad/mypy-1.13.0-py3-none-any.whl", hash = "sha256:9c250883f9fd81d212e0952c92dbfcc96fc237f4b7c92f56ac81fd48460b3e5a", size = 2647043 },
]

[[package]]
name = "mypy-extensions"
version = "1.0.0"
source = { registry = "https://pypi.org/simple" }
sdist = { url = "https://files.pythonhosted.org/packages/98/a4/1ab47638b92648243faf97a5aeb6ea83059cc3624972ab6b8d2316078d3f/mypy_extensions-1.0.0.tar.gz", hash = "sha256:75dbf8955dc00442a438fc4d0666508a9a97b6bd41aa2f0ffe9d2f2725af0782", size = 4433 }
wheels = [
    { url = "https://files.pythonhosted.org/packages/2a/e2/5d3f6ada4297caebe1a2add3b126fe800c96f56dbe5d1988a2cbe0b267aa/mypy_extensions-1.0.0-py3-none-any.whl", hash = "sha256:4392f6c0eb8a5668a69e23d168ffa70f0be9ccfd32b5cc2d26a34ae5b844552d", size = 4695 },
]

[[package]]
name = "nodeenv"
version = "1.9.1"
source = { registry = "https://pypi.org/simple" }
sdist = { url = "https://files.pythonhosted.org/packages/43/16/fc88b08840de0e0a72a2f9d8c6bae36be573e475a6326ae854bcc549fc45/nodeenv-1.9.1.tar.gz", hash = "sha256:6ec12890a2dab7946721edbfbcd91f3319c6ccc9aec47be7c7e6b7011ee6645f", size = 47437 }
wheels = [
    { url = "https://files.pythonhosted.org/packages/d2/1d/1b658dbd2b9fa9c4c9f32accbfc0205d532c8c6194dc0f2a4c0428e7128a/nodeenv-1.9.1-py2.py3-none-any.whl", hash = "sha256:ba11c9782d29c27c70ffbdda2d7415098754709be8a7056d79a737cd901155c9", size = 22314 },
]

[[package]]
name = "packaging"
version = "24.1"
source = { registry = "https://pypi.org/simple" }
sdist = { url = "https://files.pythonhosted.org/packages/51/65/50db4dda066951078f0a96cf12f4b9ada6e4b811516bf0262c0f4f7064d4/packaging-24.1.tar.gz", hash = "sha256:026ed72c8ed3fcce5bf8950572258698927fd1dbda10a5e981cdf0ac37f4f002", size = 148788 }
wheels = [
    { url = "https://files.pythonhosted.org/packages/08/aa/cc0199a5f0ad350994d660967a8efb233fe0416e4639146c089643407ce6/packaging-24.1-py3-none-any.whl", hash = "sha256:5b8f2217dbdbd2f7f384c41c628544e6d52f2d0f53c6d0c3ea61aa5d1d7ff124", size = 53985 },
]

[[package]]
name = "platformdirs"
version = "4.3.6"
source = { registry = "https://pypi.org/simple" }
sdist = { url = "https://files.pythonhosted.org/packages/13/fc/128cc9cb8f03208bdbf93d3aa862e16d376844a14f9a0ce5cf4507372de4/platformdirs-4.3.6.tar.gz", hash = "sha256:357fb2acbc885b0419afd3ce3ed34564c13c9b95c89360cd9563f73aa5e2b907", size = 21302 }
wheels = [
    { url = "https://files.pythonhosted.org/packages/3c/a6/bc1012356d8ece4d66dd75c4b9fc6c1f6650ddd5991e421177d9f8f671be/platformdirs-4.3.6-py3-none-any.whl", hash = "sha256:73e575e1408ab8103900836b97580d5307456908a03e92031bab39e4554cc3fb", size = 18439 },
]

[[package]]
name = "pluggy"
version = "1.5.0"
source = { registry = "https://pypi.org/simple" }
sdist = { url = "https://files.pythonhosted.org/packages/96/2d/02d4312c973c6050a18b314a5ad0b3210edb65a906f868e31c111dede4a6/pluggy-1.5.0.tar.gz", hash = "sha256:2cffa88e94fdc978c4c574f15f9e59b7f4201d439195c3715ca9e2486f1d0cf1", size = 67955 }
wheels = [
    { url = "https://files.pythonhosted.org/packages/88/5f/e351af9a41f866ac3f1fac4ca0613908d9a41741cfcf2228f4ad853b697d/pluggy-1.5.0-py3-none-any.whl", hash = "sha256:44e1ad92c8ca002de6377e165f3e0f1be63266ab4d554740532335b9d75ea669", size = 20556 },
]

[[package]]
name = "pre-commit"
version = "4.0.1"
source = { registry = "https://pypi.org/simple" }
dependencies = [
    { name = "cfgv" },
    { name = "identify" },
    { name = "nodeenv" },
    { name = "pyyaml" },
    { name = "virtualenv" },
]
sdist = { url = "https://files.pythonhosted.org/packages/2e/c8/e22c292035f1bac8b9f5237a2622305bc0304e776080b246f3df57c4ff9f/pre_commit-4.0.1.tar.gz", hash = "sha256:80905ac375958c0444c65e9cebebd948b3cdb518f335a091a670a89d652139d2", size = 191678 }
wheels = [
    { url = "https://files.pythonhosted.org/packages/16/8f/496e10d51edd6671ebe0432e33ff800aa86775d2d147ce7d43389324a525/pre_commit-4.0.1-py2.py3-none-any.whl", hash = "sha256:efde913840816312445dc98787724647c65473daefe420785f885e8ed9a06878", size = 218713 },
]

[[package]]
name = "project"
version = "0.0.2"
source = { virtual = "." }
dependencies = [
    { name = "pydantic" },
    { name = "pydantic-settings" },
]

[package.optional-dependencies]
fastapi = [
    { name = "fastapi" },
    { name = "uvicorn" },
]
sqlalchemy = [
    { name = "sqlalchemy" },
]

[package.dev-dependencies]
dev = [
    { name = "coverage" },
    { name = "httpx" },
    { name = "mypy" },
    { name = "pre-commit" },
    { name = "pytest" },
    { name = "pytest-env" },
    { name = "ruff" },
]

[package.metadata]
requires-dist = [
    { name = "fastapi", marker = "extra == 'fastapi'", specifier = "==0.115.3" },
    { name = "pydantic", specifier = "==2.9.2" },
    { name = "pydantic-settings", specifier = "==2.6.0" },
    { name = "sqlalchemy", marker = "extra == 'sqlalchemy'", specifier = "==2.0.36" },
    { name = "uvicorn", marker = "extra == 'fastapi'", specifier = "==0.32.0" },
]

[package.metadata.requires-dev]
dev = [
    { name = "coverage", specifier = "==7.6.4" },
    { name = "httpx", specifier = "==0.27.2" },
    { name = "mypy", specifier = "==1.13.0" },
    { name = "pre-commit", specifier = "==4.0.1" },
    { name = "pytest", specifier = "==8.3.3" },
    { name = "pytest-env", specifier = "==1.1.5" },
    { name = "ruff", specifier = "==0.7.1" },
]

[[package]]
name = "pydantic"
version = "2.9.2"
source = { registry = "https://pypi.org/simple" }
dependencies = [
    { name = "annotated-types" },
    { name = "pydantic-core" },
    { name = "typing-extensions" },
]
sdist = { url = "https://files.pythonhosted.org/packages/a9/b7/d9e3f12af310e1120c21603644a1cd86f59060e040ec5c3a80b8f05fae30/pydantic-2.9.2.tar.gz", hash = "sha256:d155cef71265d1e9807ed1c32b4c8deec042a44a50a4188b25ac67ecd81a9c0f", size = 769917 }
wheels = [
    { url = "https://files.pythonhosted.org/packages/df/e4/ba44652d562cbf0bf320e0f3810206149c8a4e99cdbf66da82e97ab53a15/pydantic-2.9.2-py3-none-any.whl", hash = "sha256:f048cec7b26778210e28a0459867920654d48e5e62db0958433636cde4254f12", size = 434928 },
]

[[package]]
name = "pydantic-core"
version = "2.23.4"
source = { registry = "https://pypi.org/simple" }
dependencies = [
    { name = "typing-extensions" },
]
sdist = { url = "https://files.pythonhosted.org/packages/e2/aa/6b6a9b9f8537b872f552ddd46dd3da230367754b6f707b8e1e963f515ea3/pydantic_core-2.23.4.tar.gz", hash = "sha256:2584f7cf844ac4d970fba483a717dbe10c1c1c96a969bf65d61ffe94df1b2863", size = 402156 }
wheels = [
    { url = "https://files.pythonhosted.org/packages/74/7b/8e315f80666194b354966ec84b7d567da77ad927ed6323db4006cf915f3f/pydantic_core-2.23.4-cp312-cp312-macosx_10_12_x86_64.whl", hash = "sha256:f3e0da4ebaef65158d4dfd7d3678aad692f7666877df0002b8a522cdf088f231", size = 1856459 },
    { url = "https://files.pythonhosted.org/packages/14/de/866bdce10ed808323d437612aca1ec9971b981e1c52e5e42ad9b8e17a6f6/pydantic_core-2.23.4-cp312-cp312-macosx_11_0_arm64.whl", hash = "sha256:f69a8e0b033b747bb3e36a44e7732f0c99f7edd5cea723d45bc0d6e95377ffee", size = 1770007 },
    { url = "https://files.pythonhosted.org/packages/dc/69/8edd5c3cd48bb833a3f7ef9b81d7666ccddd3c9a635225214e044b6e8281/pydantic_core-2.23.4-cp312-cp312-manylinux_2_17_aarch64.manylinux2014_aarch64.whl", hash = "sha256:723314c1d51722ab28bfcd5240d858512ffd3116449c557a1336cbe3919beb87", size = 1790245 },
    { url = "https://files.pythonhosted.org/packages/80/33/9c24334e3af796ce80d2274940aae38dd4e5676298b4398eff103a79e02d/pydantic_core-2.23.4-cp312-cp312-manylinux_2_17_armv7l.manylinux2014_armv7l.whl", hash = "sha256:bb2802e667b7051a1bebbfe93684841cc9351004e2badbd6411bf357ab8d5ac8", size = 1801260 },
    { url = "https://files.pythonhosted.org/packages/a5/6f/e9567fd90104b79b101ca9d120219644d3314962caa7948dd8b965e9f83e/pydantic_core-2.23.4-cp312-cp312-manylinux_2_17_ppc64le.manylinux2014_ppc64le.whl", hash = "sha256:d18ca8148bebe1b0a382a27a8ee60350091a6ddaf475fa05ef50dc35b5df6327", size = 1996872 },
    { url = "https://files.pythonhosted.org/packages/2d/ad/b5f0fe9e6cfee915dd144edbd10b6e9c9c9c9d7a56b69256d124b8ac682e/pydantic_core-2.23.4-cp312-cp312-manylinux_2_17_s390x.manylinux2014_s390x.whl", hash = "sha256:33e3d65a85a2a4a0dc3b092b938a4062b1a05f3a9abde65ea93b233bca0e03f2", size = 2661617 },
    { url = "https://files.pythonhosted.org/packages/06/c8/7d4b708f8d05a5cbfda3243aad468052c6e99de7d0937c9146c24d9f12e9/pydantic_core-2.23.4-cp312-cp312-manylinux_2_17_x86_64.manylinux2014_x86_64.whl", hash = "sha256:128585782e5bfa515c590ccee4b727fb76925dd04a98864182b22e89a4e6ed36", size = 2071831 },
    { url = "https://files.pythonhosted.org/packages/89/4d/3079d00c47f22c9a9a8220db088b309ad6e600a73d7a69473e3a8e5e3ea3/pydantic_core-2.23.4-cp312-cp312-manylinux_2_5_i686.manylinux1_i686.whl", hash = "sha256:68665f4c17edcceecc112dfed5dbe6f92261fb9d6054b47d01bf6371a6196126", size = 1917453 },
    { url = "https://files.pythonhosted.org/packages/e9/88/9df5b7ce880a4703fcc2d76c8c2d8eb9f861f79d0c56f4b8f5f2607ccec8/pydantic_core-2.23.4-cp312-cp312-musllinux_1_1_aarch64.whl", hash = "sha256:20152074317d9bed6b7a95ade3b7d6054845d70584216160860425f4fbd5ee9e", size = 1968793 },
    { url = "https://files.pythonhosted.org/packages/e3/b9/41f7efe80f6ce2ed3ee3c2dcfe10ab7adc1172f778cc9659509a79518c43/pydantic_core-2.23.4-cp312-cp312-musllinux_1_1_x86_64.whl", hash = "sha256:9261d3ce84fa1d38ed649c3638feefeae23d32ba9182963e465d58d62203bd24", size = 2116872 },
    { url = "https://files.pythonhosted.org/packages/63/08/b59b7a92e03dd25554b0436554bf23e7c29abae7cce4b1c459cd92746811/pydantic_core-2.23.4-cp312-none-win32.whl", hash = "sha256:4ba762ed58e8d68657fc1281e9bb72e1c3e79cc5d464be146e260c541ec12d84", size = 1738535 },
    { url = "https://files.pythonhosted.org/packages/88/8d/479293e4d39ab409747926eec4329de5b7129beaedc3786eca070605d07f/pydantic_core-2.23.4-cp312-none-win_amd64.whl", hash = "sha256:97df63000f4fea395b2824da80e169731088656d1818a11b95f3b173747b6cd9", size = 1917992 },
]

[[package]]
name = "pydantic-settings"
version = "2.6.0"
source = { registry = "https://pypi.org/simple" }
dependencies = [
    { name = "pydantic" },
    { name = "python-dotenv" },
]
sdist = { url = "https://files.pythonhosted.org/packages/6c/66/5f1a9da10675bfb3b9da52f5b689c77e0a5612263fcce510cfac3e99a168/pydantic_settings-2.6.0.tar.gz", hash = "sha256:44a1804abffac9e6a30372bb45f6cafab945ef5af25e66b1c634c01dd39e0188", size = 75232 }
wheels = [
    { url = "https://files.pythonhosted.org/packages/34/19/26bb6bdb9fdad5f0dfce538780814084fb667b4bc37fcb28459c14b8d3b5/pydantic_settings-2.6.0-py3-none-any.whl", hash = "sha256:4a819166f119b74d7f8c765196b165f95cc7487ce58ea27dec8a5a26be0970e0", size = 28578 },
]

[[package]]
name = "pytest"
version = "8.3.3"
source = { registry = "https://pypi.org/simple" }
dependencies = [
    { name = "colorama", marker = "sys_platform == 'win32'" },
    { name = "iniconfig" },
    { name = "packaging" },
    { name = "pluggy" },
]
sdist = { url = "https://files.pythonhosted.org/packages/8b/6c/62bbd536103af674e227c41a8f3dcd022d591f6eed5facb5a0f31ee33bbc/pytest-8.3.3.tar.gz", hash = "sha256:70b98107bd648308a7952b06e6ca9a50bc660be218d53c257cc1fc94fda10181", size = 1442487 }
wheels = [
    { url = "https://files.pythonhosted.org/packages/6b/77/7440a06a8ead44c7757a64362dd22df5760f9b12dc5f11b6188cd2fc27a0/pytest-8.3.3-py3-none-any.whl", hash = "sha256:a6853c7375b2663155079443d2e45de913a911a11d669df02a50814944db57b2", size = 342341 },
]

[[package]]
name = "pytest-env"
version = "1.1.5"
source = { registry = "https://pypi.org/simple" }
dependencies = [
    { name = "pytest" },
]
sdist = { url = "https://files.pythonhosted.org/packages/1f/31/27f28431a16b83cab7a636dce59cf397517807d247caa38ee67d65e71ef8/pytest_env-1.1.5.tar.gz", hash = "sha256:91209840aa0e43385073ac464a554ad2947cc2fd663a9debf88d03b01e0cc1cf", size = 8911 }
wheels = [
    { url = "https://files.pythonhosted.org/packages/de/b8/87cfb16045c9d4092cfcf526135d73b88101aac83bc1adcf82dfb5fd3833/pytest_env-1.1.5-py3-none-any.whl", hash = "sha256:ce90cf8772878515c24b31cd97c7fa1f4481cd68d588419fd45f10ecaee6bc30", size = 6141 },
]

[[package]]
name = "python-dotenv"
version = "1.0.1"
source = { registry = "https://pypi.org/simple" }
sdist = { url = "https://files.pythonhosted.org/packages/bc/57/e84d88dfe0aec03b7a2d4327012c1627ab5f03652216c63d49846d7a6c58/python-dotenv-1.0.1.tar.gz", hash = "sha256:e324ee90a023d808f1959c46bcbc04446a10ced277783dc6ee09987c37ec10ca", size = 39115 }
wheels = [
    { url = "https://files.pythonhosted.org/packages/6a/3e/b68c118422ec867fa7ab88444e1274aa40681c606d59ac27de5a5588f082/python_dotenv-1.0.1-py3-none-any.whl", hash = "sha256:f7b63ef50f1b690dddf550d03497b66d609393b40b564ed0d674909a68ebf16a", size = 19863 },
]

[[package]]
name = "pyyaml"
version = "6.0.2"
source = { registry = "https://pypi.org/simple" }
sdist = { url = "https://files.pythonhosted.org/packages/54/ed/79a089b6be93607fa5cdaedf301d7dfb23af5f25c398d5ead2525b063e17/pyyaml-6.0.2.tar.gz", hash = "sha256:d584d9ec91ad65861cc08d42e834324ef890a082e591037abe114850ff7bbc3e", size = 130631 }
wheels = [
    { url = "https://files.pythonhosted.org/packages/86/0c/c581167fc46d6d6d7ddcfb8c843a4de25bdd27e4466938109ca68492292c/PyYAML-6.0.2-cp312-cp312-macosx_10_9_x86_64.whl", hash = "sha256:c70c95198c015b85feafc136515252a261a84561b7b1d51e3384e0655ddf25ab", size = 183873 },
    { url = "https://files.pythonhosted.org/packages/a8/0c/38374f5bb272c051e2a69281d71cba6fdb983413e6758b84482905e29a5d/PyYAML-6.0.2-cp312-cp312-macosx_11_0_arm64.whl", hash = "sha256:ce826d6ef20b1bc864f0a68340c8b3287705cae2f8b4b1d932177dcc76721725", size = 173302 },
    { url = "https://files.pythonhosted.org/packages/c3/93/9916574aa8c00aa06bbac729972eb1071d002b8e158bd0e83a3b9a20a1f7/PyYAML-6.0.2-cp312-cp312-manylinux_2_17_aarch64.manylinux2014_aarch64.whl", hash = "sha256:1f71ea527786de97d1a0cc0eacd1defc0985dcf6b3f17bb77dcfc8c34bec4dc5", size = 739154 },
    { url = "https://files.pythonhosted.org/packages/95/0f/b8938f1cbd09739c6da569d172531567dbcc9789e0029aa070856f123984/PyYAML-6.0.2-cp312-cp312-manylinux_2_17_s390x.manylinux2014_s390x.whl", hash = "sha256:9b22676e8097e9e22e36d6b7bda33190d0d400f345f23d4065d48f4ca7ae0425", size = 766223 },
    { url = "https://files.pythonhosted.org/packages/b9/2b/614b4752f2e127db5cc206abc23a8c19678e92b23c3db30fc86ab731d3bd/PyYAML-6.0.2-cp312-cp312-manylinux_2_17_x86_64.manylinux2014_x86_64.whl", hash = "sha256:80bab7bfc629882493af4aa31a4cfa43a4c57c83813253626916b8c7ada83476", size = 767542 },
    { url = "https://files.pythonhosted.org/packages/d4/00/dd137d5bcc7efea1836d6264f049359861cf548469d18da90cd8216cf05f/PyYAML-6.0.2-cp312-cp312-musllinux_1_1_aarch64.whl", hash = "sha256:0833f8694549e586547b576dcfaba4a6b55b9e96098b36cdc7ebefe667dfed48", size = 731164 },
    { url = "https://files.pythonhosted.org/packages/c9/1f/4f998c900485e5c0ef43838363ba4a9723ac0ad73a9dc42068b12aaba4e4/PyYAML-6.0.2-cp312-cp312-musllinux_1_1_x86_64.whl", hash = "sha256:8b9c7197f7cb2738065c481a0461e50ad02f18c78cd75775628afb4d7137fb3b", size = 756611 },
    { url = "https://files.pythonhosted.org/packages/df/d1/f5a275fdb252768b7a11ec63585bc38d0e87c9e05668a139fea92b80634c/PyYAML-6.0.2-cp312-cp312-win32.whl", hash = "sha256:ef6107725bd54b262d6dedcc2af448a266975032bc85ef0172c5f059da6325b4", size = 140591 },
    { url = "https://files.pythonhosted.org/packages/0c/e8/4f648c598b17c3d06e8753d7d13d57542b30d56e6c2dedf9c331ae56312e/PyYAML-6.0.2-cp312-cp312-win_amd64.whl", hash = "sha256:7e7401d0de89a9a855c839bc697c079a4af81cf878373abd7dc625847d25cbd8", size = 156338 },
]

[[package]]
name = "ruff"
version = "0.7.1"
source = { registry = "https://pypi.org/simple" }
sdist = { url = "https://files.pythonhosted.org/packages/a6/21/5c6e05e0fd3fbb41be4fb92edbc9a04de70baf60adb61435ce0c6b8c3d55/ruff-0.7.1.tar.gz", hash = "sha256:9d8a41d4aa2dad1575adb98a82870cf5db5f76b2938cf2206c22c940034a36f4", size = 3181670 }
wheels = [
    { url = "https://files.pythonhosted.org/packages/65/45/8a20a9920175c9c4892b2420f80ff3cf14949cf3067118e212f9acd9c908/ruff-0.7.1-py3-none-linux_armv6l.whl", hash = "sha256:cb1bc5ed9403daa7da05475d615739cc0212e861b7306f314379d958592aaa89", size = 10389268 },
    { url = "https://files.pythonhosted.org/packages/1b/d3/2f8382db2cf4f9488e938602e33e36287f9d26cb283aa31f11c31297ce79/ruff-0.7.1-py3-none-macosx_10_12_x86_64.whl", hash = "sha256:27c1c52a8d199a257ff1e5582d078eab7145129aa02721815ca8fa4f9612dc35", size = 10188348 },
    { url = "https://files.pythonhosted.org/packages/a2/31/7d14e2a88da351200f844b7be889a0845d9e797162cf76b136d21b832a23/ruff-0.7.1-py3-none-macosx_11_0_arm64.whl", hash = "sha256:588a34e1ef2ea55b4ddfec26bbe76bc866e92523d8c6cdec5e8aceefeff02d99", size = 9841448 },
    { url = "https://files.pythonhosted.org/packages/db/99/738cafdc768eceeca0bd26c6f03e213aa91203d2278e1d95b1c31c4ece41/ruff-0.7.1-py3-none-manylinux_2_17_aarch64.manylinux2014_aarch64.whl", hash = "sha256:94fc32f9cdf72dc75c451e5f072758b118ab8100727168a3df58502b43a599ca", size = 10674864 },
    { url = "https://files.pythonhosted.org/packages/fe/12/bcf2836b50eab53c65008383e7d55201e490d75167c474f14a16e1af47d2/ruff-0.7.1-py3-none-manylinux_2_17_armv7l.manylinux2014_armv7l.whl", hash = "sha256:985818742b833bffa543a84d1cc11b5e6871de1b4e0ac3060a59a2bae3969250", size = 10192105 },
    { url = "https://files.pythonhosted.org/packages/2b/71/261d5d668bf98b6c44e89bfb5dfa4cb8cb6c8b490a201a3d8030e136ea4f/ruff-0.7.1-py3-none-manylinux_2_17_i686.manylinux2014_i686.whl", hash = "sha256:32f1e8a192e261366c702c5fb2ece9f68d26625f198a25c408861c16dc2dea9c", size = 11194144 },
    { url = "https://files.pythonhosted.org/packages/90/1f/0926d18a3b566fa6e7b3b36093088e4ffef6b6ba4ea85a462d9a93f7e35c/ruff-0.7.1-py3-none-manylinux_2_17_ppc64.manylinux2014_ppc64.whl", hash = "sha256:699085bf05819588551b11751eff33e9ca58b1b86a6843e1b082a7de40da1565", size = 11917066 },
    { url = "https://files.pythonhosted.org/packages/cd/a8/9fac41f128b6a44ab4409c1493430b4ee4b11521e8aeeca19bfe1ce851f9/ruff-0.7.1-py3-none-manylinux_2_17_ppc64le.manylinux2014_ppc64le.whl", hash = "sha256:344cc2b0814047dc8c3a8ff2cd1f3d808bb23c6658db830d25147339d9bf9ea7", size = 11458821 },
    { url = "https://files.pythonhosted.org/packages/25/cd/59644168f086ab13fe4e02943b9489a0aa710171f66b178e179df5383554/ruff-0.7.1-py3-none-manylinux_2_17_s390x.manylinux2014_s390x.whl", hash = "sha256:4316bbf69d5a859cc937890c7ac7a6551252b6a01b1d2c97e8fc96e45a7c8b4a", size = 12700379 },
    { url = "https://files.pythonhosted.org/packages/fb/30/3bac63619eb97174661829c07fc46b2055a053dee72da29d7c304c1cd2c0/ruff-0.7.1-py3-none-manylinux_2_17_x86_64.manylinux2014_x86_64.whl", hash = "sha256:79d3af9dca4c56043e738a4d6dd1e9444b6d6c10598ac52d146e331eb155a8ad", size = 11019813 },
    { url = "https://files.pythonhosted.org/packages/4b/af/f567b885b5cb3bcdbcca3458ebf210cc8c9c7a9f61c332d3c2a050c3b21e/ruff-0.7.1-py3-none-musllinux_1_2_aarch64.whl", hash = "sha256:c5c121b46abde94a505175524e51891f829414e093cd8326d6e741ecfc0a9112", size = 10662146 },
    { url = "https://files.pythonhosted.org/packages/bc/ad/eb930d3ad117a9f2f7261969c21559ebd82bb13b6e8001c7caed0d44be5f/ruff-0.7.1-py3-none-musllinux_1_2_armv7l.whl", hash = "sha256:8422104078324ea250886954e48f1373a8fe7de59283d747c3a7eca050b4e378", size = 10256911 },
    { url = "https://files.pythonhosted.org/packages/20/d5/af292ce70a016fcec792105ca67f768b403dd480a11888bc1f418fed0dd5/ruff-0.7.1-py3-none-musllinux_1_2_i686.whl", hash = "sha256:56aad830af8a9db644e80098fe4984a948e2b6fc2e73891538f43bbe478461b8", size = 10767488 },
    { url = "https://files.pythonhosted.org/packages/24/85/cc04a3bd027f433bebd2a097e63b3167653c079f7f13d8f9a1178e693412/ruff-0.7.1-py3-none-musllinux_1_2_x86_64.whl", hash = "sha256:658304f02f68d3a83c998ad8bf91f9b4f53e93e5412b8f2388359d55869727fd", size = 11093368 },
    { url = "https://files.pythonhosted.org/packages/0b/fb/c39cbf32d1f3e318674b8622f989417231794926b573f76dd4d0ca49f0f1/ruff-0.7.1-py3-none-win32.whl", hash = "sha256:b517a2011333eb7ce2d402652ecaa0ac1a30c114fbbd55c6b8ee466a7f600ee9", size = 8594180 },
    { url = "https://files.pythonhosted.org/packages/5a/71/ec8cdea34ecb90c830ca60d54ac7b509a7b5eab50fae27e001d4470fe813/ruff-0.7.1-py3-none-win_amd64.whl", hash = "sha256:f38c41fcde1728736b4eb2b18850f6d1e3eedd9678c914dede554a70d5241307", size = 9419751 },
    { url = "https://files.pythonhosted.org/packages/79/7b/884553415e9f0a9bf358ed52fb68b934e67ef6c5a62397ace924a1afdf9a/ruff-0.7.1-py3-none-win_arm64.whl", hash = "sha256:19aa200ec824c0f36d0c9114c8ec0087082021732979a359d6f3c390a6ff2a37", size = 8717402 },
]

[[package]]
name = "sniffio"
version = "1.3.1"
source = { registry = "https://pypi.org/simple" }
sdist = { url = "https://files.pythonhosted.org/packages/a2/87/a6771e1546d97e7e041b6ae58d80074f81b7d5121207425c964ddf5cfdbd/sniffio-1.3.1.tar.gz", hash = "sha256:f4324edc670a0f49750a81b895f35c3adb843cca46f0530f79fc1babb23789dc", size = 20372 }
wheels = [
    { url = "https://files.pythonhosted.org/packages/e9/44/75a9c9421471a6c4805dbf2356f7c181a29c1879239abab1ea2cc8f38b40/sniffio-1.3.1-py3-none-any.whl", hash = "sha256:2f6da418d1f1e0fddd844478f41680e794e6051915791a034ff65e5f100525a2", size = 10235 },
]

[[package]]
name = "sqlalchemy"
version = "2.0.36"
source = { registry = "https://pypi.org/simple" }
dependencies = [
    { name = "greenlet", marker = "platform_machine == 'AMD64' or platform_machine == 'WIN32' or platform_machine == 'aarch64' or platform_machine == 'amd64' or platform_machine == 'ppc64le' or platform_machine == 'win32' or platform_machine == 'x86_64'" },
    { name = "typing-extensions" },
]
sdist = { url = "https://files.pythonhosted.org/packages/50/65/9cbc9c4c3287bed2499e05033e207473504dc4df999ce49385fb1f8b058a/sqlalchemy-2.0.36.tar.gz", hash = "sha256:7f2767680b6d2398aea7082e45a774b2b0767b5c8d8ffb9c8b683088ea9b29c5", size = 9574485 }
wheels = [
    { url = "https://files.pythonhosted.org/packages/b8/bf/005dc47f0e57556e14512d5542f3f183b94fde46e15ff1588ec58ca89555/SQLAlchemy-2.0.36-cp312-cp312-macosx_10_13_x86_64.whl", hash = "sha256:f7b64e6ec3f02c35647be6b4851008b26cff592a95ecb13b6788a54ef80bbdd4", size = 2092378 },
    { url = "https://files.pythonhosted.org/packages/94/65/f109d5720779a08e6e324ec89a744f5f92c48bd8005edc814bf72fbb24e5/SQLAlchemy-2.0.36-cp312-cp312-macosx_11_0_arm64.whl", hash = "sha256:46331b00096a6db1fdc052d55b101dbbfc99155a548e20a0e4a8e5e4d1362855", size = 2082778 },
    { url = "https://files.pythonhosted.org/packages/60/f6/d9aa8c49c44f9b8c9b9dada1f12fa78df3d4c42aa2de437164b83ee1123c/SQLAlchemy-2.0.36-cp312-cp312-manylinux_2_17_aarch64.manylinux2014_aarch64.whl", hash = "sha256:fdf3386a801ea5aba17c6410dd1dc8d39cf454ca2565541b5ac42a84e1e28f53", size = 3232191 },
    { url = "https://files.pythonhosted.org/packages/8a/ab/81d4514527c068670cb1d7ab62a81a185df53a7c379bd2a5636e83d09ede/SQLAlchemy-2.0.36-cp312-cp312-manylinux_2_17_x86_64.manylinux2014_x86_64.whl", hash = "sha256:ac9dfa18ff2a67b09b372d5db8743c27966abf0e5344c555d86cc7199f7ad83a", size = 3243044 },
    { url = "https://files.pythonhosted.org/packages/35/b4/f87c014ecf5167dc669199cafdb20a7358ff4b1d49ce3622cc48571f811c/SQLAlchemy-2.0.36-cp312-cp312-musllinux_1_2_aarch64.whl", hash = "sha256:90812a8933df713fdf748b355527e3af257a11e415b613dd794512461eb8a686", size = 3178511 },
    { url = "https://files.pythonhosted.org/packages/ea/09/badfc9293bc3ccba6ede05e5f2b44a760aa47d84da1fc5a326e963e3d4d9/SQLAlchemy-2.0.36-cp312-cp312-musllinux_1_2_x86_64.whl", hash = "sha256:1bc330d9d29c7f06f003ab10e1eaced295e87940405afe1b110f2eb93a233588", size = 3205147 },
    { url = "https://files.pythonhosted.org/packages/c8/60/70e681de02a13c4b27979b7b78da3058c49bacc9858c89ba672e030f03f2/SQLAlchemy-2.0.36-cp312-cp312-win32.whl", hash = "sha256:79d2e78abc26d871875b419e1fd3c0bca31a1cb0043277d0d850014599626c2e", size = 2062709 },
    { url = "https://files.pythonhosted.org/packages/b7/ed/f6cd9395e41bfe47dd253d74d2dfc3cab34980d4e20c8878cb1117306085/SQLAlchemy-2.0.36-cp312-cp312-win_amd64.whl", hash = "sha256:b544ad1935a8541d177cb402948b94e871067656b3a0b9e91dbec136b06a2ff5", size = 2088433 },
    { url = "https://files.pythonhosted.org/packages/b8/49/21633706dd6feb14cd3f7935fc00b60870ea057686035e1a99ae6d9d9d53/SQLAlchemy-2.0.36-py3-none-any.whl", hash = "sha256:fddbe92b4760c6f5d48162aef14824add991aeda8ddadb3c31d56eb15ca69f8e", size = 1883787 },
]

[[package]]
name = "starlette"
version = "0.41.0"
source = { registry = "https://pypi.org/simple" }
dependencies = [
    { name = "anyio" },
]
sdist = { url = "https://files.pythonhosted.org/packages/78/53/c3a36690a923706e7ac841f649c64f5108889ab1ec44218dac45771f252a/starlette-0.41.0.tar.gz", hash = "sha256:39cbd8768b107d68bfe1ff1672b38a2c38b49777de46d2a592841d58e3bf7c2a", size = 2573755 }
wheels = [
    { url = "https://files.pythonhosted.org/packages/35/c6/a4443bfabf5629129512ca0e07866c4c3c094079ba4e9b2551006927253c/starlette-0.41.0-py3-none-any.whl", hash = "sha256:a0193a3c413ebc9c78bff1c3546a45bb8c8bcb4a84cae8747d650a65bd37210a", size = 73216 },
]

[[package]]
name = "typing-extensions"
version = "4.12.2"
source = { registry = "https://pypi.org/simple" }
sdist = { url = "https://files.pythonhosted.org/packages/df/db/f35a00659bc03fec321ba8bce9420de607a1d37f8342eee1863174c69557/typing_extensions-4.12.2.tar.gz", hash = "sha256:1a7ead55c7e559dd4dee8856e3a88b41225abfe1ce8df57b7c13915fe121ffb8", size = 85321 }
wheels = [
    { url = "https://files.pythonhosted.org/packages/26/9f/ad63fc0248c5379346306f8668cda6e2e2e9c95e01216d2b8ffd9ff037d0/typing_extensions-4.12.2-py3-none-any.whl", hash = "sha256:04e5ca0351e0f3f85c6853954072df659d0d13fac324d0072316b67d7794700d", size = 37438 },
]

[[package]]
name = "uvicorn"
version = "0.32.0"
source = { registry = "https://pypi.org/simple" }
dependencies = [
    { name = "click" },
    { name = "h11" },
]
sdist = { url = "https://files.pythonhosted.org/packages/e0/fc/1d785078eefd6945f3e5bab5c076e4230698046231eb0f3747bc5c8fa992/uvicorn-0.32.0.tar.gz", hash = "sha256:f78b36b143c16f54ccdb8190d0a26b5f1901fe5a3c777e1ab29f26391af8551e", size = 77564 }
wheels = [
    { url = "https://files.pythonhosted.org/packages/eb/14/78bd0e95dd2444b6caacbca2b730671d4295ccb628ef58b81bee903629df/uvicorn-0.32.0-py3-none-any.whl", hash = "sha256:60b8f3a5ac027dcd31448f411ced12b5ef452c646f76f02f8cc3f25d8d26fd82", size = 63723 },
]

[[package]]
name = "virtualenv"
version = "20.27.0"
source = { registry = "https://pypi.org/simple" }
dependencies = [
    { name = "distlib" },
    { name = "filelock" },
    { name = "platformdirs" },
]
sdist = { url = "https://files.pythonhosted.org/packages/10/7f/192dd6ab6d91ebea7adf6c030eaf549b1ec0badda9f67a77b633602f66ac/virtualenv-20.27.0.tar.gz", hash = "sha256:2ca56a68ed615b8fe4326d11a0dca5dfbe8fd68510fb6c6349163bed3c15f2b2", size = 6483858 }
wheels = [
    { url = "https://files.pythonhosted.org/packages/c8/15/828ec11907aee2349a9342fa71fba4ba7f3af938162a382dd7da339dea16/virtualenv-20.27.0-py3-none-any.whl", hash = "sha256:44a72c29cceb0ee08f300b314848c86e57bf8d1f13107a5e671fb9274138d655", size = 3110969 },
]
